// !$*UTF8*$!
{
	archiveVersion = 1;
	classes = {
	};
	objectVersion = 48;
	objects = {

/* Begin PBXBuildFile section */
		370B99A11F8C912100BFFEA6 /* HomeViewController.swift in Sources */ = {isa = PBXBuildFile; fileRef = 370B99A01F8C912100BFFEA6 /* HomeViewController.swift */; };
		370B99A31F8C920200BFFEA6 /* GroupExplorerViewController.swift in Sources */ = {isa = PBXBuildFile; fileRef = 370B99A21F8C920200BFFEA6 /* GroupExplorerViewController.swift */; };
		370B99A51F8C921000BFFEA6 /* AnimalExplorerViewController.swift in Sources */ = {isa = PBXBuildFile; fileRef = 370B99A41F8C921000BFFEA6 /* AnimalExplorerViewController.swift */; };
		370B99A71F8C927800BFFEA6 /* AdventurerViewController.swift in Sources */ = {isa = PBXBuildFile; fileRef = 370B99A61F8C927800BFFEA6 /* AdventurerViewController.swift */; };
		370B99A91F8C958400BFFEA6 /* SettingsViewController.swift in Sources */ = {isa = PBXBuildFile; fileRef = 370B99A81F8C958400BFFEA6 /* SettingsViewController.swift */; };
		370B99AB1F8C95B600BFFEA6 /* CreatorViewController.swift in Sources */ = {isa = PBXBuildFile; fileRef = 370B99AA1F8C95B600BFFEA6 /* CreatorViewController.swift */; };
		370B99AD1F8C95DC00BFFEA6 /* AnimalDetailsViewController.swift in Sources */ = {isa = PBXBuildFile; fileRef = 370B99AC1F8C95DC00BFFEA6 /* AnimalDetailsViewController.swift */; };
		370B99AF1F8C960100BFFEA6 /* VideoViewController.swift in Sources */ = {isa = PBXBuildFile; fileRef = 370B99AE1F8C960100BFFEA6 /* VideoViewController.swift */; };
		370B99B11F8C960F00BFFEA6 /* ARViewController.swift in Sources */ = {isa = PBXBuildFile; fileRef = 370B99B01F8C960F00BFFEA6 /* ARViewController.swift */; };
		37A033BF1F8C868600C4AA86 /* AppDelegate.swift in Sources */ = {isa = PBXBuildFile; fileRef = 37A033BE1F8C868600C4AA86 /* AppDelegate.swift */; };
		37A033C41F8C868600C4AA86 /* Main.storyboard in Resources */ = {isa = PBXBuildFile; fileRef = 37A033C21F8C868600C4AA86 /* Main.storyboard */; };
		37A033C61F8C868600C4AA86 /* Assets.xcassets in Resources */ = {isa = PBXBuildFile; fileRef = 37A033C51F8C868600C4AA86 /* Assets.xcassets */; };
		37A033C91F8C868600C4AA86 /* LaunchScreen.storyboard in Resources */ = {isa = PBXBuildFile; fileRef = 37A033C71F8C868600C4AA86 /* LaunchScreen.storyboard */; };
		BD924C3F4C854ECB228ECFDA /* Pods_AnimalKingdom.framework in Frameworks */ = {isa = PBXBuildFile; fileRef = 2B53B6107745491A3CF219BA /* Pods_AnimalKingdom.framework */; };
/* End PBXBuildFile section */

/* Begin PBXFileReference section */
		2B53B6107745491A3CF219BA /* Pods_AnimalKingdom.framework */ = {isa = PBXFileReference; explicitFileType = wrapper.framework; includeInIndex = 0; path = Pods_AnimalKingdom.framework; sourceTree = BUILT_PRODUCTS_DIR; };
		370B99A01F8C912100BFFEA6 /* HomeViewController.swift */ = {isa = PBXFileReference; lastKnownFileType = sourcecode.swift; path = HomeViewController.swift; sourceTree = "<group>"; };
		370B99A21F8C920200BFFEA6 /* GroupExplorerViewController.swift */ = {isa = PBXFileReference; lastKnownFileType = sourcecode.swift; path = GroupExplorerViewController.swift; sourceTree = "<group>"; };
		370B99A41F8C921000BFFEA6 /* AnimalExplorerViewController.swift */ = {isa = PBXFileReference; lastKnownFileType = sourcecode.swift; path = AnimalExplorerViewController.swift; sourceTree = "<group>"; };
		370B99A61F8C927800BFFEA6 /* AdventurerViewController.swift */ = {isa = PBXFileReference; lastKnownFileType = sourcecode.swift; path = AdventurerViewController.swift; sourceTree = "<group>"; };
		370B99A81F8C958400BFFEA6 /* SettingsViewController.swift */ = {isa = PBXFileReference; lastKnownFileType = sourcecode.swift; path = SettingsViewController.swift; sourceTree = "<group>"; };
		370B99AA1F8C95B600BFFEA6 /* CreatorViewController.swift */ = {isa = PBXFileReference; lastKnownFileType = sourcecode.swift; path = CreatorViewController.swift; sourceTree = "<group>"; };
		370B99AC1F8C95DC00BFFEA6 /* AnimalDetailsViewController.swift */ = {isa = PBXFileReference; lastKnownFileType = sourcecode.swift; path = AnimalDetailsViewController.swift; sourceTree = "<group>"; };
		370B99AE1F8C960100BFFEA6 /* VideoViewController.swift */ = {isa = PBXFileReference; lastKnownFileType = sourcecode.swift; path = VideoViewController.swift; sourceTree = "<group>"; };
		370B99B01F8C960F00BFFEA6 /* ARViewController.swift */ = {isa = PBXFileReference; lastKnownFileType = sourcecode.swift; path = ARViewController.swift; sourceTree = "<group>"; };
		37A033BB1F8C868600C4AA86 /* AnimalKingdom.app */ = {isa = PBXFileReference; explicitFileType = wrapper.application; includeInIndex = 0; path = AnimalKingdom.app; sourceTree = BUILT_PRODUCTS_DIR; };
		37A033BE1F8C868600C4AA86 /* AppDelegate.swift */ = {isa = PBXFileReference; lastKnownFileType = sourcecode.swift; path = AppDelegate.swift; sourceTree = "<group>"; };
		37A033C31F8C868600C4AA86 /* Base */ = {isa = PBXFileReference; lastKnownFileType = file.storyboard; name = Base; path = Base.lproj/Main.storyboard; sourceTree = "<group>"; };
		37A033C51F8C868600C4AA86 /* Assets.xcassets */ = {isa = PBXFileReference; lastKnownFileType = folder.assetcatalog; path = Assets.xcassets; sourceTree = "<group>"; };
		37A033C81F8C868600C4AA86 /* Base */ = {isa = PBXFileReference; lastKnownFileType = file.storyboard; name = Base; path = Base.lproj/LaunchScreen.storyboard; sourceTree = "<group>"; };
		37A033CA1F8C868600C4AA86 /* Info.plist */ = {isa = PBXFileReference; lastKnownFileType = text.plist.xml; path = Info.plist; sourceTree = "<group>"; };
		58E0EA78625CDF64E660F67D /* Pods-AnimalKingdom.release.xcconfig */ = {isa = PBXFileReference; includeInIndex = 1; lastKnownFileType = text.xcconfig; name = "Pods-AnimalKingdom.release.xcconfig"; path = "Pods/Target Support Files/Pods-AnimalKingdom/Pods-AnimalKingdom.release.xcconfig"; sourceTree = "<group>"; };
		8915A505B759EEF71284BC5F /* Pods-AnimalKingdom.debug.xcconfig */ = {isa = PBXFileReference; includeInIndex = 1; lastKnownFileType = text.xcconfig; name = "Pods-AnimalKingdom.debug.xcconfig"; path = "Pods/Target Support Files/Pods-AnimalKingdom/Pods-AnimalKingdom.debug.xcconfig"; sourceTree = "<group>"; };
/* End PBXFileReference section */

/* Begin PBXFrameworksBuildPhase section */
		37A033B81F8C868600C4AA86 /* Frameworks */ = {
			isa = PBXFrameworksBuildPhase;
			buildActionMask = 2147483647;
			files = (
				BD924C3F4C854ECB228ECFDA /* Pods_AnimalKingdom.framework in Frameworks */,
			);
			runOnlyForDeploymentPostprocessing = 0;
		};
/* End PBXFrameworksBuildPhase section */

/* Begin PBXGroup section */
		370B999B1F8C909400BFFEA6 /* Models */ = {
			isa = PBXGroup;
			children = (
			);
			path = Models;
			sourceTree = "<group>";
		};
		370B999C1F8C90A100BFFEA6 /* VIews */ = {
			isa = PBXGroup;
			children = (
			);
			path = VIews;
			sourceTree = "<group>";
		};
		370B999D1F8C90AE00BFFEA6 /* Storyboards */ = {
			isa = PBXGroup;
			children = (
				37A033C71F8C868600C4AA86 /* LaunchScreen.storyboard */,
				37A033C21F8C868600C4AA86 /* Main.storyboard */,
			);
			path = Storyboards;
			sourceTree = "<group>";
		};
		370B999E1F8C90BA00BFFEA6 /* View Controllers */ = {
			isa = PBXGroup;
			children = (
				370B99A01F8C912100BFFEA6 /* HomeViewController.swift */,
				370B99A21F8C920200BFFEA6 /* GroupExplorerViewController.swift */,
				370B99A41F8C921000BFFEA6 /* AnimalExplorerViewController.swift */,
				370B99A61F8C927800BFFEA6 /* AdventurerViewController.swift */,
				370B99A81F8C958400BFFEA6 /* SettingsViewController.swift */,
				370B99AA1F8C95B600BFFEA6 /* CreatorViewController.swift */,
				370B99AC1F8C95DC00BFFEA6 /* AnimalDetailsViewController.swift */,
				370B99AE1F8C960100BFFEA6 /* VideoViewController.swift */,
				370B99B01F8C960F00BFFEA6 /* ARViewController.swift */,
			);
			path = "View Controllers";
			sourceTree = "<group>";
		};
		370B999F1F8C90DA00BFFEA6 /* Other */ = {
			isa = PBXGroup;
			children = (
				37A033BE1F8C868600C4AA86 /* AppDelegate.swift */,
			);
			path = Other;
			sourceTree = "<group>";
		};
		37A033B21F8C868600C4AA86 = {
			isa = PBXGroup;
			children = (
				37A033BD1F8C868600C4AA86 /* AnimalKingdom */,
				37A033BC1F8C868600C4AA86 /* Products */,
				C05F1D2CE444D62C6A2E7846 /* Pods */,
				45308ECCC4700DE886ABDB67 /* Frameworks */,
			);
			sourceTree = "<group>";
		};
		37A033BC1F8C868600C4AA86 /* Products */ = {
			isa = PBXGroup;
			children = (
				37A033BB1F8C868600C4AA86 /* AnimalKingdom.app */,
			);
			name = Products;
			sourceTree = "<group>";
		};
		37A033BD1F8C868600C4AA86 /* AnimalKingdom */ = {
			isa = PBXGroup;
			children = (
				370B999B1F8C909400BFFEA6 /* Models */,
				370B999E1F8C90BA00BFFEA6 /* View Controllers */,
				370B999C1F8C90A100BFFEA6 /* VIews */,
				370B999D1F8C90AE00BFFEA6 /* Storyboards */,
				370B999F1F8C90DA00BFFEA6 /* Other */,
				37A033C51F8C868600C4AA86 /* Assets.xcassets */,
				37A033CA1F8C868600C4AA86 /* Info.plist */,
			);
			path = AnimalKingdom;
			sourceTree = "<group>";
		};
		45308ECCC4700DE886ABDB67 /* Frameworks */ = {
			isa = PBXGroup;
			children = (
				2B53B6107745491A3CF219BA /* Pods_AnimalKingdom.framework */,
			);
			name = Frameworks;
			sourceTree = "<group>";
		};
		C05F1D2CE444D62C6A2E7846 /* Pods */ = {
			isa = PBXGroup;
			children = (
				8915A505B759EEF71284BC5F /* Pods-AnimalKingdom.debug.xcconfig */,
				58E0EA78625CDF64E660F67D /* Pods-AnimalKingdom.release.xcconfig */,
			);
			name = Pods;
			sourceTree = "<group>";
		};
/* End PBXGroup section */

/* Begin PBXNativeTarget section */
		37A033BA1F8C868600C4AA86 /* AnimalKingdom */ = {
			isa = PBXNativeTarget;
			buildConfigurationList = 37A033CD1F8C868600C4AA86 /* Build configuration list for PBXNativeTarget "AnimalKingdom" */;
			buildPhases = (
				1495B968246F601728E2D9E1 /* [CP] Check Pods Manifest.lock */,
				37A033B71F8C868600C4AA86 /* Sources */,
				37A033B81F8C868600C4AA86 /* Frameworks */,
				37A033B91F8C868600C4AA86 /* Resources */,
				3FD484265B82796A99C8085B /* [CP] Embed Pods Frameworks */,
				3A5C7B87C651600C178D4139 /* [CP] Copy Pods Resources */,
			);
			buildRules = (
			);
			dependencies = (
			);
			name = AnimalKingdom;
			productName = AnimalKingdom;
			productReference = 37A033BB1F8C868600C4AA86 /* AnimalKingdom.app */;
			productType = "com.apple.product-type.application";
		};
/* End PBXNativeTarget section */

/* Begin PBXProject section */
		37A033B31F8C868600C4AA86 /* Project object */ = {
			isa = PBXProject;
			attributes = {
				LastSwiftUpdateCheck = 0900;
				LastUpgradeCheck = 0900;
				ORGANIZATIONNAME = Dan;
				TargetAttributes = {
					37A033BA1F8C868600C4AA86 = {
						CreatedOnToolsVersion = 9.0;
						ProvisioningStyle = Automatic;
					};
				};
			};
			buildConfigurationList = 37A033B61F8C868600C4AA86 /* Build configuration list for PBXProject "AnimalKingdom" */;
			compatibilityVersion = "Xcode 8.0";
			developmentRegion = en;
			hasScannedForEncodings = 0;
			knownRegions = (
				en,
				Base,
			);
			mainGroup = 37A033B21F8C868600C4AA86;
			productRefGroup = 37A033BC1F8C868600C4AA86 /* Products */;
			projectDirPath = "";
			projectRoot = "";
			targets = (
				37A033BA1F8C868600C4AA86 /* AnimalKingdom */,
			);
		};
/* End PBXProject section */

/* Begin PBXResourcesBuildPhase section */
		37A033B91F8C868600C4AA86 /* Resources */ = {
			isa = PBXResourcesBuildPhase;
			buildActionMask = 2147483647;
			files = (
				37A033C91F8C868600C4AA86 /* LaunchScreen.storyboard in Resources */,
				37A033C61F8C868600C4AA86 /* Assets.xcassets in Resources */,
				37A033C41F8C868600C4AA86 /* Main.storyboard in Resources */,
			);
			runOnlyForDeploymentPostprocessing = 0;
		};
/* End PBXResourcesBuildPhase section */

/* Begin PBXShellScriptBuildPhase section */
		1495B968246F601728E2D9E1 /* [CP] Check Pods Manifest.lock */ = {
			isa = PBXShellScriptBuildPhase;
			buildActionMask = 2147483647;
			files = (
			);
			inputPaths = (
				"${PODS_PODFILE_DIR_PATH}/Podfile.lock",
				"${PODS_ROOT}/Manifest.lock",
			);
			name = "[CP] Check Pods Manifest.lock";
			outputPaths = (
				"$(DERIVED_FILE_DIR)/Pods-AnimalKingdom-checkManifestLockResult.txt",
			);
			runOnlyForDeploymentPostprocessing = 0;
			shellPath = /bin/sh;
			shellScript = "diff \"${PODS_PODFILE_DIR_PATH}/Podfile.lock\" \"${PODS_ROOT}/Manifest.lock\" > /dev/null\nif [ $? != 0 ] ; then\n    # print error to STDERR\n    echo \"error: The sandbox is not in sync with the Podfile.lock. Run 'pod install' or update your CocoaPods installation.\" >&2\n    exit 1\nfi\n# This output is used by Xcode 'outputs' to avoid re-running this script phase.\necho \"SUCCESS\" > \"${SCRIPT_OUTPUT_FILE_0}\"\n";
			showEnvVarsInLog = 0;
		};
		3A5C7B87C651600C178D4139 /* [CP] Copy Pods Resources */ = {
			isa = PBXShellScriptBuildPhase;
			buildActionMask = 2147483647;
			files = (
			);
			inputPaths = (
			);
			name = "[CP] Copy Pods Resources";
			outputPaths = (
			);
			runOnlyForDeploymentPostprocessing = 0;
			shellPath = /bin/sh;
			shellScript = "\"${SRCROOT}/Pods/Target Support Files/Pods-AnimalKingdom/Pods-AnimalKingdom-resources.sh\"\n";
			showEnvVarsInLog = 0;
		};
		3FD484265B82796A99C8085B /* [CP] Embed Pods Frameworks */ = {
			isa = PBXShellScriptBuildPhase;
			buildActionMask = 2147483647;
			files = (
			);
			inputPaths = (
				"${SRCROOT}/Pods/Target Support Files/Pods-AnimalKingdom/Pods-AnimalKingdom-frameworks.sh",
				"${BUILT_PRODUCTS_DIR}/AFNetworking/AFNetworking.framework",
			);
			name = "[CP] Embed Pods Frameworks";
			outputPaths = (
				"${TARGET_BUILD_DIR}/${FRAMEWORKS_FOLDER_PATH}/AFNetworking.framework",
			);
			runOnlyForDeploymentPostprocessing = 0;
			shellPath = /bin/sh;
			shellScript = "\"${SRCROOT}/Pods/Target Support Files/Pods-AnimalKingdom/Pods-AnimalKingdom-frameworks.sh\"\n";
			showEnvVarsInLog = 0;
		};
/* End PBXShellScriptBuildPhase section */

/* Begin PBXSourcesBuildPhase section */
		37A033B71F8C868600C4AA86 /* Sources */ = {
			isa = PBXSourcesBuildPhase;
			buildActionMask = 2147483647;
			files = (
				37A033BF1F8C868600C4AA86 /* AppDelegate.swift in Sources */,
				370B99AD1F8C95DC00BFFEA6 /* AnimalDetailsViewController.swift in Sources */,
				370B99AF1F8C960100BFFEA6 /* VideoViewController.swift in Sources */,
				370B99A11F8C912100BFFEA6 /* HomeViewController.swift in Sources */,
				370B99A71F8C927800BFFEA6 /* AdventurerViewController.swift in Sources */,
				370B99A31F8C920200BFFEA6 /* GroupExplorerViewController.swift in Sources */,
				370B99A51F8C921000BFFEA6 /* AnimalExplorerViewController.swift in Sources */,
				370B99AB1F8C95B600BFFEA6 /* CreatorViewController.swift in Sources */,
				370B99A91F8C958400BFFEA6 /* SettingsViewController.swift in Sources */,
				370B99B11F8C960F00BFFEA6 /* ARViewController.swift in Sources */,
			);
			runOnlyForDeploymentPostprocessing = 0;
		};
/* End PBXSourcesBuildPhase section */

/* Begin PBXVariantGroup section */
		37A033C21F8C868600C4AA86 /* Main.storyboard */ = {
			isa = PBXVariantGroup;
			children = (
				37A033C31F8C868600C4AA86 /* Base */,
			);
			name = Main.storyboard;
			sourceTree = "<group>";
		};
		37A033C71F8C868600C4AA86 /* LaunchScreen.storyboard */ = {
			isa = PBXVariantGroup;
			children = (
				37A033C81F8C868600C4AA86 /* Base */,
			);
			name = LaunchScreen.storyboard;
			sourceTree = "<group>";
		};
/* End PBXVariantGroup section */

/* Begin XCBuildConfiguration section */
		37A033CB1F8C868600C4AA86 /* Debug */ = {
			isa = XCBuildConfiguration;
			buildSettings = {
				ALWAYS_SEARCH_USER_PATHS = NO;
				CLANG_ANALYZER_NONNULL = YES;
				CLANG_ANALYZER_NUMBER_OBJECT_CONVERSION = YES_AGGRESSIVE;
				CLANG_CXX_LANGUAGE_STANDARD = "gnu++14";
				CLANG_CXX_LIBRARY = "libc++";
				CLANG_ENABLE_MODULES = YES;
				CLANG_ENABLE_OBJC_ARC = YES;
				CLANG_WARN_BLOCK_CAPTURE_AUTORELEASING = YES;
				CLANG_WARN_BOOL_CONVERSION = YES;
				CLANG_WARN_COMMA = YES;
				CLANG_WARN_CONSTANT_CONVERSION = YES;
				CLANG_WARN_DIRECT_OBJC_ISA_USAGE = YES_ERROR;
				CLANG_WARN_DOCUMENTATION_COMMENTS = YES;
				CLANG_WARN_EMPTY_BODY = YES;
				CLANG_WARN_ENUM_CONVERSION = YES;
				CLANG_WARN_INFINITE_RECURSION = YES;
				CLANG_WARN_INT_CONVERSION = YES;
				CLANG_WARN_NON_LITERAL_NULL_CONVERSION = YES;
				CLANG_WARN_OBJC_LITERAL_CONVERSION = YES;
				CLANG_WARN_OBJC_ROOT_CLASS = YES_ERROR;
				CLANG_WARN_RANGE_LOOP_ANALYSIS = YES;
				CLANG_WARN_STRICT_PROTOTYPES = YES;
				CLANG_WARN_SUSPICIOUS_MOVE = YES;
				CLANG_WARN_UNGUARDED_AVAILABILITY = YES_AGGRESSIVE;
				CLANG_WARN_UNREACHABLE_CODE = YES;
				CLANG_WARN__DUPLICATE_METHOD_MATCH = YES;
				CODE_SIGN_IDENTITY = "iPhone Developer";
				COPY_PHASE_STRIP = NO;
				DEBUG_INFORMATION_FORMAT = dwarf;
				ENABLE_STRICT_OBJC_MSGSEND = YES;
				ENABLE_TESTABILITY = YES;
				GCC_C_LANGUAGE_STANDARD = gnu11;
				GCC_DYNAMIC_NO_PIC = NO;
				GCC_NO_COMMON_BLOCKS = YES;
				GCC_OPTIMIZATION_LEVEL = 0;
				GCC_PREPROCESSOR_DEFINITIONS = (
					"DEBUG=1",
					"$(inherited)",
				);
				GCC_WARN_64_TO_32_BIT_CONVERSION = YES;
				GCC_WARN_ABOUT_RETURN_TYPE = YES_ERROR;
				GCC_WARN_UNDECLARED_SELECTOR = YES;
				GCC_WARN_UNINITIALIZED_AUTOS = YES_AGGRESSIVE;
				GCC_WARN_UNUSED_FUNCTION = YES;
				GCC_WARN_UNUSED_VARIABLE = YES;
				IPHONEOS_DEPLOYMENT_TARGET = 11.0;
				MTL_ENABLE_DEBUG_INFO = YES;
				ONLY_ACTIVE_ARCH = YES;
				SDKROOT = iphoneos;
				SWIFT_ACTIVE_COMPILATION_CONDITIONS = DEBUG;
				SWIFT_OPTIMIZATION_LEVEL = "-Onone";
			};
			name = Debug;
		};
		37A033CC1F8C868600C4AA86 /* Release */ = {
			isa = XCBuildConfiguration;
			buildSettings = {
				ALWAYS_SEARCH_USER_PATHS = NO;
				CLANG_ANALYZER_NONNULL = YES;
				CLANG_ANALYZER_NUMBER_OBJECT_CONVERSION = YES_AGGRESSIVE;
				CLANG_CXX_LANGUAGE_STANDARD = "gnu++14";
				CLANG_CXX_LIBRARY = "libc++";
				CLANG_ENABLE_MODULES = YES;
				CLANG_ENABLE_OBJC_ARC = YES;
				CLANG_WARN_BLOCK_CAPTURE_AUTORELEASING = YES;
				CLANG_WARN_BOOL_CONVERSION = YES;
				CLANG_WARN_COMMA = YES;
				CLANG_WARN_CONSTANT_CONVERSION = YES;
				CLANG_WARN_DIRECT_OBJC_ISA_USAGE = YES_ERROR;
				CLANG_WARN_DOCUMENTATION_COMMENTS = YES;
				CLANG_WARN_EMPTY_BODY = YES;
				CLANG_WARN_ENUM_CONVERSION = YES;
				CLANG_WARN_INFINITE_RECURSION = YES;
				CLANG_WARN_INT_CONVERSION = YES;
				CLANG_WARN_NON_LITERAL_NULL_CONVERSION = YES;
				CLANG_WARN_OBJC_LITERAL_CONVERSION = YES;
				CLANG_WARN_OBJC_ROOT_CLASS = YES_ERROR;
				CLANG_WARN_RANGE_LOOP_ANALYSIS = YES;
				CLANG_WARN_STRICT_PROTOTYPES = YES;
				CLANG_WARN_SUSPICIOUS_MOVE = YES;
				CLANG_WARN_UNGUARDED_AVAILABILITY = YES_AGGRESSIVE;
				CLANG_WARN_UNREACHABLE_CODE = YES;
				CLANG_WARN__DUPLICATE_METHOD_MATCH = YES;
				CODE_SIGN_IDENTITY = "iPhone Developer";
				COPY_PHASE_STRIP = NO;
				DEBUG_INFORMATION_FORMAT = "dwarf-with-dsym";
				ENABLE_NS_ASSERTIONS = NO;
				ENABLE_STRICT_OBJC_MSGSEND = YES;
				GCC_C_LANGUAGE_STANDARD = gnu11;
				GCC_NO_COMMON_BLOCKS = YES;
				GCC_WARN_64_TO_32_BIT_CONVERSION = YES;
				GCC_WARN_ABOUT_RETURN_TYPE = YES_ERROR;
				GCC_WARN_UNDECLARED_SELECTOR = YES;
				GCC_WARN_UNINITIALIZED_AUTOS = YES_AGGRESSIVE;
				GCC_WARN_UNUSED_FUNCTION = YES;
				GCC_WARN_UNUSED_VARIABLE = YES;
				IPHONEOS_DEPLOYMENT_TARGET = 11.0;
				MTL_ENABLE_DEBUG_INFO = NO;
				SDKROOT = iphoneos;
				SWIFT_OPTIMIZATION_LEVEL = "-Owholemodule";
				VALIDATE_PRODUCT = YES;
			};
			name = Release;
		};
		37A033CE1F8C868600C4AA86 /* Debug */ = {
			isa = XCBuildConfiguration;
			baseConfigurationReference = 8915A505B759EEF71284BC5F /* Pods-AnimalKingdom.debug.xcconfig */;
			buildSettings = {
				ASSETCATALOG_COMPILER_APPICON_NAME = AppIcon;
				CODE_SIGN_STYLE = Automatic;
				DEVELOPMENT_TEAM = EJTT2N9E3L;
				INFOPLIST_FILE = AnimalKingdom/Info.plist;
				IPHONEOS_DEPLOYMENT_TARGET = 11.0;
				LD_RUNPATH_SEARCH_PATHS = "$(inherited) @executable_path/Frameworks";
				PRODUCT_BUNDLE_IDENTIFIER = com.codepath.AnimalKingdom;
				PRODUCT_NAME = "$(TARGET_NAME)";
				SWIFT_VERSION = 4.0;
				TARGETED_DEVICE_FAMILY = "1,2";
			};
			name = Debug;
		};
		37A033CF1F8C868600C4AA86 /* Release */ = {
			isa = XCBuildConfiguration;
			baseConfigurationReference = 58E0EA78625CDF64E660F67D /* Pods-AnimalKingdom.release.xcconfig */;
			buildSettings = {
				ASSETCATALOG_COMPILER_APPICON_NAME = AppIcon;
				CODE_SIGN_STYLE = Automatic;
				DEVELOPMENT_TEAM = EJTT2N9E3L;
				INFOPLIST_FILE = AnimalKingdom/Info.plist;
				IPHONEOS_DEPLOYMENT_TARGET = 11.0;
				LD_RUNPATH_SEARCH_PATHS = "$(inherited) @executable_path/Frameworks";
				PRODUCT_BUNDLE_IDENTIFIER = com.codepath.AnimalKingdom;
				PRODUCT_NAME = "$(TARGET_NAME)";
				SWIFT_VERSION = 4.0;
				TARGETED_DEVICE_FAMILY = "1,2";
			};
			name = Release;
		};
/* End XCBuildConfiguration section */

/* Begin XCConfigurationList section */
		37A033B61F8C868600C4AA86 /* Build configuration list for PBXProject "AnimalKingdom" */ = {
			isa = XCConfigurationList;
			buildConfigurations = (
				37A033CB1F8C868600C4AA86 /* Debug */,
				37A033CC1F8C868600C4AA86 /* Release */,
			);
			defaultConfigurationIsVisible = 0;
			defaultConfigurationName = Release;
		};
		37A033CD1F8C868600C4AA86 /* Build configuration list for PBXNativeTarget "AnimalKingdom" */ = {
			isa = XCConfigurationList;
			buildConfigurations = (
				37A033CE1F8C868600C4AA86 /* Debug */,
				37A033CF1F8C868600C4AA86 /* Release */,
			);
			defaultConfigurationIsVisible = 0;
			defaultConfigurationName = Release;
		};
/* End XCConfigurationList section */
	};
	rootObject = 37A033B31F8C868600C4AA86 /* Project object */;
}
