// !$*UTF8*$!
{
	archiveVersion = 1;
	classes = {
	};
	objectVersion = 48;
	objects = {

/* Begin PBXBuildFile section */
		12335E551FB278B20049D846 /* FocusSquare.swift in Sources */ = {isa = PBXBuildFile; fileRef = 12335E531FB278B10049D846 /* FocusSquare.swift */; };
		12335E561FB278B20049D846 /* FocusSquareSegment.swift in Sources */ = {isa = PBXBuildFile; fileRef = 12335E541FB278B20049D846 /* FocusSquareSegment.swift */; };
		12335E5C1FB27A630049D846 /* StatusViewController.swift in Sources */ = {isa = PBXBuildFile; fileRef = 12335E5B1FB27A620049D846 /* StatusViewController.swift */; };
		12335E5E1FB2BC4A0049D846 /* ARViewController+ARSCNViewDelegate.swift in Sources */ = {isa = PBXBuildFile; fileRef = 12335E5D1FB2BC4A0049D846 /* ARViewController+ARSCNViewDelegate.swift */; };
		12335E601FB2BEF50049D846 /* VirtualObjectARView.swift in Sources */ = {isa = PBXBuildFile; fileRef = 12335E5F1FB2BEF50049D846 /* VirtualObjectARView.swift */; };
		126DD8FE1F9C8C3500E74C89 /* Utilities.swift in Sources */ = {isa = PBXBuildFile; fileRef = 126DD8FD1F9C8C3500E74C89 /* Utilities.swift */; };
		12B26CD11F9723AA00B3D73D /* art.scnassets in Resources */ = {isa = PBXBuildFile; fileRef = 12B26CD01F9723AA00B3D73D /* art.scnassets */; };
		12B26CD31F99C35B00B3D73D /* ARPlane.swift in Sources */ = {isa = PBXBuildFile; fileRef = 12B26CD21F99C35B00B3D73D /* ARPlane.swift */; };
		12B60E371FA18319003423F5 /* african-elephant-main.jpg in Resources */ = {isa = PBXBuildFile; fileRef = 12B60E361FA18319003423F5 /* african-elephant-main.jpg */; };
		12C2E3FA1FA91DBE00DD1762 /* tron_gridGreen.png in Resources */ = {isa = PBXBuildFile; fileRef = 12C2E3F91FA91DBD00DD1762 /* tron_gridGreen.png */; };
		12C2E3FC1FA91FCB00DD1762 /* tron_gridGreen2.png in Resources */ = {isa = PBXBuildFile; fileRef = 12C2E3FB1FA91FCB00DD1762 /* tron_gridGreen2.png */; };
		37029F341F920C3800F55A30 /* Login.storyboard in Resources */ = {isa = PBXBuildFile; fileRef = 37029F331F920C3800F55A30 /* Login.storyboard */; };
		37029F361F920CE400F55A30 /* LoginViewController.swift in Sources */ = {isa = PBXBuildFile; fileRef = 37029F351F920CE400F55A30 /* LoginViewController.swift */; };
		37029F381F920CFB00F55A30 /* LogoutViewController.swift in Sources */ = {isa = PBXBuildFile; fileRef = 37029F371F920CFB00F55A30 /* LogoutViewController.swift */; };
		37029F3A1F920D9200F55A30 /* Logout.storyboard in Resources */ = {isa = PBXBuildFile; fileRef = 37029F391F920D9200F55A30 /* Logout.storyboard */; };
		37029F3D1F92120300F55A30 /* Datasource.swift in Sources */ = {isa = PBXBuildFile; fileRef = 37029F3C1F92120300F55A30 /* Datasource.swift */; };
		37029F3F1F92B37A00F55A30 /* BundleTableViewCell.swift in Sources */ = {isa = PBXBuildFile; fileRef = 37029F3E1F92B37A00F55A30 /* BundleTableViewCell.swift */; };
		37029F411F92CE6300F55A30 /* AnimalTableViewCell.swift in Sources */ = {isa = PBXBuildFile; fileRef = 37029F401F92CE6300F55A30 /* AnimalTableViewCell.swift */; };
		370B99A11F8C912100BFFEA6 /* HomeViewController.swift in Sources */ = {isa = PBXBuildFile; fileRef = 370B99A01F8C912100BFFEA6 /* HomeViewController.swift */; };
		370B99A31F8C920200BFFEA6 /* BundleExplorerViewController.swift in Sources */ = {isa = PBXBuildFile; fileRef = 370B99A21F8C920200BFFEA6 /* BundleExplorerViewController.swift */; };
		370B99A51F8C921000BFFEA6 /* AnimalExplorerViewController.swift in Sources */ = {isa = PBXBuildFile; fileRef = 370B99A41F8C921000BFFEA6 /* AnimalExplorerViewController.swift */; };
		370B99A71F8C927800BFFEA6 /* AdventurerViewController.swift in Sources */ = {isa = PBXBuildFile; fileRef = 370B99A61F8C927800BFFEA6 /* AdventurerViewController.swift */; };
		370B99A91F8C958400BFFEA6 /* SettingsViewController.swift in Sources */ = {isa = PBXBuildFile; fileRef = 370B99A81F8C958400BFFEA6 /* SettingsViewController.swift */; };
		370B99AB1F8C95B600BFFEA6 /* CreatorViewController.swift in Sources */ = {isa = PBXBuildFile; fileRef = 370B99AA1F8C95B600BFFEA6 /* CreatorViewController.swift */; };
		370B99AF1F8C960100BFFEA6 /* VideoViewController.swift in Sources */ = {isa = PBXBuildFile; fileRef = 370B99AE1F8C960100BFFEA6 /* VideoViewController.swift */; };
		370B99B11F8C960F00BFFEA6 /* ARViewController.swift in Sources */ = {isa = PBXBuildFile; fileRef = 370B99B01F8C960F00BFFEA6 /* ARViewController.swift */; };
		372087B21F9C19D6000D1DA2 /* tron_grid.png in Resources */ = {isa = PBXBuildFile; fileRef = 372087B11F9C19D6000D1DA2 /* tron_grid.png */; };
		37233DFD1FB2BD2D005A79DF /* themeSong.mp3 in Resources */ = {isa = PBXBuildFile; fileRef = 37233DFC1FB2B9F8005A79DF /* themeSong.mp3 */; };
		37233DFF1FB2CB34005A79DF /* pop_drip.wav in Resources */ = {isa = PBXBuildFile; fileRef = 37233DFE1FB2CB20005A79DF /* pop_drip.wav */; };
		37233E011FB2CC99005A79DF /* digi_plink.wav in Resources */ = {isa = PBXBuildFile; fileRef = 37233E001FB2CC8F005A79DF /* digi_plink.wav */; };
		37233E031FB2DC48005A79DF /* music_marimba.wav in Resources */ = {isa = PBXBuildFile; fileRef = 37233E021FB2DC3F005A79DF /* music_marimba.wav */; };
		3735419C1F91C0E300BEE34F /* AnimalBundle.swift in Sources */ = {isa = PBXBuildFile; fileRef = 3735419B1F91C0E300BEE34F /* AnimalBundle.swift */; };
		3735419E1F91C38100BEE34F /* Settings.swift in Sources */ = {isa = PBXBuildFile; fileRef = 3735419D1F91C38100BEE34F /* Settings.swift */; };
		37460A9E1F91AB6A0098171A /* Animal.swift in Sources */ = {isa = PBXBuildFile; fileRef = 37460A9D1F91AB6A0098171A /* Animal.swift */; };
		375DF5CA1FB3B77F001AEB2A /* DemoDetails_KM.storyboard in Resources */ = {isa = PBXBuildFile; fileRef = 375DF5C91FB3B77F001AEB2A /* DemoDetails_KM.storyboard */; };
		37605B0F1FB37C35001F8009 /* DemoDetailsViewController_KM.swift in Sources */ = {isa = PBXBuildFile; fileRef = 37605B0E1FB37C35001F8009 /* DemoDetailsViewController_KM.swift */; };
		3766114F1E187F23009DC840 /* DetailsCardTableViewCell.swift in Sources */ = {isa = PBXBuildFile; fileRef = 3766114D1E187F23009DC840 /* DetailsCardTableViewCell.swift */; };
		376611501E187F23009DC840 /* DetailsCardTableViewCell.xib in Resources */ = {isa = PBXBuildFile; fileRef = 3766114E1E187F23009DC840 /* DetailsCardTableViewCell.xib */; };
		376611531E188620009DC840 /* DetailsAboutTableViewCell.swift in Sources */ = {isa = PBXBuildFile; fileRef = 376611511E188620009DC840 /* DetailsAboutTableViewCell.swift */; };
		376611541E188620009DC840 /* DetailsAboutTableViewCell.xib in Resources */ = {isa = PBXBuildFile; fileRef = 376611521E188620009DC840 /* DetailsAboutTableViewCell.xib */; };
		3775388A1FA6926A004BADB5 /* DesignBundleView.swift in Sources */ = {isa = PBXBuildFile; fileRef = 377538891FA6926A004BADB5 /* DesignBundleView.swift */; };
		378BCB291FA6F955003E800F /* Assets.xcassets in Resources */ = {isa = PBXBuildFile; fileRef = 378BCB281FA6F955003E800F /* Assets.xcassets */; };
		379B2C8B1F997BC200060D3B /* DetailsTableViewController.swift in Sources */ = {isa = PBXBuildFile; fileRef = 379B2C8A1F997BC200060D3B /* DetailsTableViewController.swift */; };
		379B2C8E1F997C3000060D3B /* DetailsHeaderImageTableViewCell.swift in Sources */ = {isa = PBXBuildFile; fileRef = 379B2C8C1F997C3000060D3B /* DetailsHeaderImageTableViewCell.swift */; };
		379B2C8F1F997C3000060D3B /* DetailsHeaderImageTableViewCell.xib in Resources */ = {isa = PBXBuildFile; fileRef = 379B2C8D1F997C3000060D3B /* DetailsHeaderImageTableViewCell.xib */; };
		379B2C921F9982E000060D3B /* DetailsTitleTableViewCell.swift in Sources */ = {isa = PBXBuildFile; fileRef = 379B2C901F9982E000060D3B /* DetailsTitleTableViewCell.swift */; };
		379B2C931F9982E000060D3B /* DetailsTitleTableViewCell.xib in Resources */ = {isa = PBXBuildFile; fileRef = 379B2C911F9982E000060D3B /* DetailsTitleTableViewCell.xib */; };
		379B2C981F9985B400060D3B /* DetailsActionsPanelTableViewCell.swift in Sources */ = {isa = PBXBuildFile; fileRef = 379B2C961F9985B400060D3B /* DetailsActionsPanelTableViewCell.swift */; };
		379B2C991F9985B400060D3B /* DetailsActionsPanelTableViewCell.xib in Resources */ = {isa = PBXBuildFile; fileRef = 379B2C971F9985B400060D3B /* DetailsActionsPanelTableViewCell.xib */; };
		379BDAE61FA7FD69007E96C4 /* DemoDetails.storyboard in Resources */ = {isa = PBXBuildFile; fileRef = 379BDAE51FA7FD69007E96C4 /* DemoDetails.storyboard */; };
		37A033BF1F8C868600C4AA86 /* AppDelegate.swift in Sources */ = {isa = PBXBuildFile; fileRef = 37A033BE1F8C868600C4AA86 /* AppDelegate.swift */; };
		37A033C41F8C868600C4AA86 /* Main.storyboard in Resources */ = {isa = PBXBuildFile; fileRef = 37A033C21F8C868600C4AA86 /* Main.storyboard */; };
		37A033C91F8C868600C4AA86 /* LaunchScreen.storyboard in Resources */ = {isa = PBXBuildFile; fileRef = 37A033C71F8C868600C4AA86 /* LaunchScreen.storyboard */; };
		37AF63EA1FA828C000A2FF7C /* DemoDetailsViewController.swift in Sources */ = {isa = PBXBuildFile; fileRef = 37AF63E91FA828C000A2FF7C /* DemoDetailsViewController.swift */; };
		37E0008E1FB1BAB200C3AA05 /* SettingsManager.swift in Sources */ = {isa = PBXBuildFile; fileRef = 37E0008D1FB1BAB200C3AA05 /* SettingsManager.swift */; };
		37FB918C1F8DB01600E88D98 /* Video.storyboard in Resources */ = {isa = PBXBuildFile; fileRef = 37FB918B1F8DB01600E88D98 /* Video.storyboard */; };
		37FB918E1F8DB06900E88D98 /* AR.storyboard in Resources */ = {isa = PBXBuildFile; fileRef = 37FB918D1F8DB06900E88D98 /* AR.storyboard */; };
		37FB91901F8DB09900E88D98 /* Details.storyboard in Resources */ = {isa = PBXBuildFile; fileRef = 37FB918F1F8DB09900E88D98 /* Details.storyboard */; };
		37FB91921F8DB10700E88D98 /* Explorer.storyboard in Resources */ = {isa = PBXBuildFile; fileRef = 37FB91911F8DB10700E88D98 /* Explorer.storyboard */; };
		37FB91941F8DB12F00E88D98 /* Adventurer.storyboard in Resources */ = {isa = PBXBuildFile; fileRef = 37FB91931F8DB12F00E88D98 /* Adventurer.storyboard */; };
		37FB91961F8DB15400E88D98 /* Settings.storyboard in Resources */ = {isa = PBXBuildFile; fileRef = 37FB91951F8DB15400E88D98 /* Settings.storyboard */; };
		37FB91981F8DB18E00E88D98 /* Creator.storyboard in Resources */ = {isa = PBXBuildFile; fileRef = 37FB91971F8DB18E00E88D98 /* Creator.storyboard */; };
		760C5E621F94400600E64444 /* LocalCollection.swift in Sources */ = {isa = PBXBuildFile; fileRef = 760C5E611F94400600E64444 /* LocalCollection.swift */; };
		760C5E641F94404100E64444 /* User.swift in Sources */ = {isa = PBXBuildFile; fileRef = 760C5E631F94404100E64444 /* User.swift */; };
		760C5E661F94405400E64444 /* Post.swift in Sources */ = {isa = PBXBuildFile; fileRef = 760C5E651F94405400E64444 /* Post.swift */; };
		766CF2E71F93CD7E000821BB /* GoogleService-Info.plist in Resources */ = {isa = PBXBuildFile; fileRef = 766CF2E61F93CCF5000821BB /* GoogleService-Info.plist */; };
		767ADA671F9D77BF00CD12B5 /* CreatePostViewController.swift in Sources */ = {isa = PBXBuildFile; fileRef = 767ADA661F9D77BF00CD12B5 /* CreatePostViewController.swift */; };
		7685193B1FA5922200626DF3 /* CreatorSettingsViewController.swift in Sources */ = {isa = PBXBuildFile; fileRef = 7685193A1FA5922200626DF3 /* CreatorSettingsViewController.swift */; };
		768BA3B91F9D30320008977E /* PostDetailsViewController.swift in Sources */ = {isa = PBXBuildFile; fileRef = 768BA3B81F9D30320008977E /* PostDetailsViewController.swift */; };
		769956811F9C86C7008DCEF0 /* ProfileViewController.swift in Sources */ = {isa = PBXBuildFile; fileRef = 769956801F9C86C7008DCEF0 /* ProfileViewController.swift */; };
		769956831F9C8829008DCEF0 /* ProfileCollectionViewCell.swift in Sources */ = {isa = PBXBuildFile; fileRef = 769956821F9C8829008DCEF0 /* ProfileCollectionViewCell.swift */; };
		7699DFB41F99D4A30017DAD6 /* PhotosFeedViewController.swift in Sources */ = {isa = PBXBuildFile; fileRef = 7699DFB31F99D4A30017DAD6 /* PhotosFeedViewController.swift */; };
		7699DFB81F9B079A0017DAD6 /* PhotoFeedCell.swift in Sources */ = {isa = PBXBuildFile; fileRef = 7699DFB71F9B079A0017DAD6 /* PhotoFeedCell.swift */; };
		76A8963B1F9C6F9A001A8192 /* TabViewController.swift in Sources */ = {isa = PBXBuildFile; fileRef = 76A8963A1F9C6F9A001A8192 /* TabViewController.swift */; };
		BD924C3F4C854ECB228ECFDA /* Pods_AnimalKingdom.framework in Frameworks */ = {isa = PBXBuildFile; fileRef = 2B53B6107745491A3CF219BA /* Pods_AnimalKingdom.framework */; };
/* End PBXBuildFile section */

/* Begin PBXFileReference section */
		12335E531FB278B10049D846 /* FocusSquare.swift */ = {isa = PBXFileReference; lastKnownFileType = sourcecode.swift; path = FocusSquare.swift; sourceTree = "<group>"; };
		12335E541FB278B20049D846 /* FocusSquareSegment.swift */ = {isa = PBXFileReference; lastKnownFileType = sourcecode.swift; path = FocusSquareSegment.swift; sourceTree = "<group>"; };
		12335E5B1FB27A620049D846 /* StatusViewController.swift */ = {isa = PBXFileReference; fileEncoding = 4; lastKnownFileType = sourcecode.swift; path = StatusViewController.swift; sourceTree = "<group>"; };
		12335E5D1FB2BC4A0049D846 /* ARViewController+ARSCNViewDelegate.swift */ = {isa = PBXFileReference; lastKnownFileType = sourcecode.swift; path = "ARViewController+ARSCNViewDelegate.swift"; sourceTree = "<group>"; };
		12335E5F1FB2BEF50049D846 /* VirtualObjectARView.swift */ = {isa = PBXFileReference; fileEncoding = 4; lastKnownFileType = sourcecode.swift; path = VirtualObjectARView.swift; sourceTree = "<group>"; };
		126DD8FD1F9C8C3500E74C89 /* Utilities.swift */ = {isa = PBXFileReference; fileEncoding = 4; lastKnownFileType = sourcecode.swift; path = Utilities.swift; sourceTree = "<group>"; };
		12B26CD01F9723AA00B3D73D /* art.scnassets */ = {isa = PBXFileReference; lastKnownFileType = wrapper.scnassets; path = art.scnassets; sourceTree = "<group>"; };
		12B26CD21F99C35B00B3D73D /* ARPlane.swift */ = {isa = PBXFileReference; lastKnownFileType = sourcecode.swift; path = ARPlane.swift; sourceTree = "<group>"; };
		12B60E361FA18319003423F5 /* african-elephant-main.jpg */ = {isa = PBXFileReference; lastKnownFileType = image.jpeg; path = "african-elephant-main.jpg"; sourceTree = "<group>"; };
		12C2E3F91FA91DBD00DD1762 /* tron_gridGreen.png */ = {isa = PBXFileReference; lastKnownFileType = image.png; path = tron_gridGreen.png; sourceTree = "<group>"; };
		12C2E3FB1FA91FCB00DD1762 /* tron_gridGreen2.png */ = {isa = PBXFileReference; lastKnownFileType = image.png; path = tron_gridGreen2.png; sourceTree = "<group>"; };
		2B53B6107745491A3CF219BA /* Pods_AnimalKingdom.framework */ = {isa = PBXFileReference; explicitFileType = wrapper.framework; includeInIndex = 0; path = Pods_AnimalKingdom.framework; sourceTree = BUILT_PRODUCTS_DIR; };
		37029F331F920C3800F55A30 /* Login.storyboard */ = {isa = PBXFileReference; lastKnownFileType = file.storyboard; path = Login.storyboard; sourceTree = "<group>"; };
		37029F351F920CE400F55A30 /* LoginViewController.swift */ = {isa = PBXFileReference; lastKnownFileType = sourcecode.swift; path = LoginViewController.swift; sourceTree = "<group>"; };
		37029F371F920CFB00F55A30 /* LogoutViewController.swift */ = {isa = PBXFileReference; lastKnownFileType = sourcecode.swift; path = LogoutViewController.swift; sourceTree = "<group>"; };
		37029F391F920D9200F55A30 /* Logout.storyboard */ = {isa = PBXFileReference; lastKnownFileType = file.storyboard; path = Logout.storyboard; sourceTree = "<group>"; };
		37029F3C1F92120300F55A30 /* Datasource.swift */ = {isa = PBXFileReference; lastKnownFileType = sourcecode.swift; path = Datasource.swift; sourceTree = "<group>"; };
		37029F3E1F92B37A00F55A30 /* BundleTableViewCell.swift */ = {isa = PBXFileReference; lastKnownFileType = sourcecode.swift; name = BundleTableViewCell.swift; path = AnimalKingdom/Views/BundleTableViewCell.swift; sourceTree = SOURCE_ROOT; };
		37029F401F92CE6300F55A30 /* AnimalTableViewCell.swift */ = {isa = PBXFileReference; lastKnownFileType = sourcecode.swift; path = AnimalTableViewCell.swift; sourceTree = "<group>"; };
		370B99A01F8C912100BFFEA6 /* HomeViewController.swift */ = {isa = PBXFileReference; lastKnownFileType = sourcecode.swift; path = HomeViewController.swift; sourceTree = "<group>"; };
		370B99A21F8C920200BFFEA6 /* BundleExplorerViewController.swift */ = {isa = PBXFileReference; lastKnownFileType = sourcecode.swift; path = BundleExplorerViewController.swift; sourceTree = "<group>"; };
		370B99A41F8C921000BFFEA6 /* AnimalExplorerViewController.swift */ = {isa = PBXFileReference; lastKnownFileType = sourcecode.swift; path = AnimalExplorerViewController.swift; sourceTree = "<group>"; };
		370B99A61F8C927800BFFEA6 /* AdventurerViewController.swift */ = {isa = PBXFileReference; lastKnownFileType = sourcecode.swift; path = AdventurerViewController.swift; sourceTree = "<group>"; };
		370B99A81F8C958400BFFEA6 /* SettingsViewController.swift */ = {isa = PBXFileReference; lastKnownFileType = sourcecode.swift; path = SettingsViewController.swift; sourceTree = "<group>"; };
		370B99AA1F8C95B600BFFEA6 /* CreatorViewController.swift */ = {isa = PBXFileReference; lastKnownFileType = sourcecode.swift; path = CreatorViewController.swift; sourceTree = "<group>"; };
		370B99AE1F8C960100BFFEA6 /* VideoViewController.swift */ = {isa = PBXFileReference; lastKnownFileType = sourcecode.swift; path = VideoViewController.swift; sourceTree = "<group>"; };
		370B99B01F8C960F00BFFEA6 /* ARViewController.swift */ = {isa = PBXFileReference; lastKnownFileType = sourcecode.swift; path = ARViewController.swift; sourceTree = "<group>"; };
		372087B11F9C19D6000D1DA2 /* tron_grid.png */ = {isa = PBXFileReference; lastKnownFileType = image.png; path = tron_grid.png; sourceTree = "<group>"; };
		37233DFC1FB2B9F8005A79DF /* themeSong.mp3 */ = {isa = PBXFileReference; lastKnownFileType = audio.mp3; path = themeSong.mp3; sourceTree = "<group>"; };
		37233DFE1FB2CB20005A79DF /* pop_drip.wav */ = {isa = PBXFileReference; lastKnownFileType = audio.wav; path = pop_drip.wav; sourceTree = "<group>"; };
		37233E001FB2CC8F005A79DF /* digi_plink.wav */ = {isa = PBXFileReference; lastKnownFileType = audio.wav; path = digi_plink.wav; sourceTree = "<group>"; };
		37233E021FB2DC3F005A79DF /* music_marimba.wav */ = {isa = PBXFileReference; lastKnownFileType = audio.wav; path = music_marimba.wav; sourceTree = "<group>"; };
		3735419B1F91C0E300BEE34F /* AnimalBundle.swift */ = {isa = PBXFileReference; lastKnownFileType = sourcecode.swift; path = AnimalBundle.swift; sourceTree = "<group>"; };
		3735419D1F91C38100BEE34F /* Settings.swift */ = {isa = PBXFileReference; lastKnownFileType = sourcecode.swift; path = Settings.swift; sourceTree = "<group>"; };
		37460A9D1F91AB6A0098171A /* Animal.swift */ = {isa = PBXFileReference; lastKnownFileType = sourcecode.swift; path = Animal.swift; sourceTree = "<group>"; };
		375DF5C91FB3B77F001AEB2A /* DemoDetails_KM.storyboard */ = {isa = PBXFileReference; fileEncoding = 4; lastKnownFileType = file.storyboard; path = DemoDetails_KM.storyboard; sourceTree = "<group>"; };
		37605B0E1FB37C35001F8009 /* DemoDetailsViewController_KM.swift */ = {isa = PBXFileReference; lastKnownFileType = sourcecode.swift; path = DemoDetailsViewController_KM.swift; sourceTree = "<group>"; };
		3766114D1E187F23009DC840 /* DetailsCardTableViewCell.swift */ = {isa = PBXFileReference; lastKnownFileType = sourcecode.swift; path = DetailsCardTableViewCell.swift; sourceTree = "<group>"; };
		3766114E1E187F23009DC840 /* DetailsCardTableViewCell.xib */ = {isa = PBXFileReference; lastKnownFileType = file.xib; path = DetailsCardTableViewCell.xib; sourceTree = "<group>"; };
		376611511E188620009DC840 /* DetailsAboutTableViewCell.swift */ = {isa = PBXFileReference; lastKnownFileType = sourcecode.swift; path = DetailsAboutTableViewCell.swift; sourceTree = "<group>"; };
		376611521E188620009DC840 /* DetailsAboutTableViewCell.xib */ = {isa = PBXFileReference; lastKnownFileType = file.xib; path = DetailsAboutTableViewCell.xib; sourceTree = "<group>"; };
		377538891FA6926A004BADB5 /* DesignBundleView.swift */ = {isa = PBXFileReference; lastKnownFileType = sourcecode.swift; path = DesignBundleView.swift; sourceTree = "<group>"; };
		378BCB281FA6F955003E800F /* Assets.xcassets */ = {isa = PBXFileReference; lastKnownFileType = folder.assetcatalog; name = Assets.xcassets; path = AnimalKingdom/Assets.xcassets; sourceTree = "<group>"; };
		379B2C8A1F997BC200060D3B /* DetailsTableViewController.swift */ = {isa = PBXFileReference; lastKnownFileType = sourcecode.swift; path = DetailsTableViewController.swift; sourceTree = "<group>"; };
		379B2C8C1F997C3000060D3B /* DetailsHeaderImageTableViewCell.swift */ = {isa = PBXFileReference; lastKnownFileType = sourcecode.swift; path = DetailsHeaderImageTableViewCell.swift; sourceTree = "<group>"; };
		379B2C8D1F997C3000060D3B /* DetailsHeaderImageTableViewCell.xib */ = {isa = PBXFileReference; lastKnownFileType = file.xib; path = DetailsHeaderImageTableViewCell.xib; sourceTree = "<group>"; };
		379B2C901F9982E000060D3B /* DetailsTitleTableViewCell.swift */ = {isa = PBXFileReference; lastKnownFileType = sourcecode.swift; path = DetailsTitleTableViewCell.swift; sourceTree = "<group>"; };
		379B2C911F9982E000060D3B /* DetailsTitleTableViewCell.xib */ = {isa = PBXFileReference; lastKnownFileType = file.xib; path = DetailsTitleTableViewCell.xib; sourceTree = "<group>"; };
		379B2C961F9985B400060D3B /* DetailsActionsPanelTableViewCell.swift */ = {isa = PBXFileReference; lastKnownFileType = sourcecode.swift; path = DetailsActionsPanelTableViewCell.swift; sourceTree = "<group>"; };
		379B2C971F9985B400060D3B /* DetailsActionsPanelTableViewCell.xib */ = {isa = PBXFileReference; lastKnownFileType = file.xib; path = DetailsActionsPanelTableViewCell.xib; sourceTree = "<group>"; };
		379BDAE51FA7FD69007E96C4 /* DemoDetails.storyboard */ = {isa = PBXFileReference; lastKnownFileType = file.storyboard; path = DemoDetails.storyboard; sourceTree = "<group>"; };
		37A033BB1F8C868600C4AA86 /* AnimalKingdom.app */ = {isa = PBXFileReference; explicitFileType = wrapper.application; includeInIndex = 0; path = AnimalKingdom.app; sourceTree = BUILT_PRODUCTS_DIR; };
		37A033BE1F8C868600C4AA86 /* AppDelegate.swift */ = {isa = PBXFileReference; lastKnownFileType = sourcecode.swift; path = AppDelegate.swift; sourceTree = "<group>"; };
		37A033C31F8C868600C4AA86 /* Base */ = {isa = PBXFileReference; lastKnownFileType = file.storyboard; name = Base; path = Base.lproj/Main.storyboard; sourceTree = "<group>"; };
		37A033C81F8C868600C4AA86 /* Base */ = {isa = PBXFileReference; lastKnownFileType = file.storyboard; name = Base; path = Base.lproj/LaunchScreen.storyboard; sourceTree = "<group>"; };
		37A033CA1F8C868600C4AA86 /* Info.plist */ = {isa = PBXFileReference; lastKnownFileType = text.plist.xml; path = Info.plist; sourceTree = "<group>"; };
		37AF63E91FA828C000A2FF7C /* DemoDetailsViewController.swift */ = {isa = PBXFileReference; lastKnownFileType = sourcecode.swift; path = DemoDetailsViewController.swift; sourceTree = "<group>"; };
		37E0008D1FB1BAB200C3AA05 /* SettingsManager.swift */ = {isa = PBXFileReference; lastKnownFileType = sourcecode.swift; path = SettingsManager.swift; sourceTree = "<group>"; };
		37FB918B1F8DB01600E88D98 /* Video.storyboard */ = {isa = PBXFileReference; fileEncoding = 4; lastKnownFileType = file.storyboard; path = Video.storyboard; sourceTree = "<group>"; };
		37FB918D1F8DB06900E88D98 /* AR.storyboard */ = {isa = PBXFileReference; fileEncoding = 4; lastKnownFileType = file.storyboard; path = AR.storyboard; sourceTree = "<group>"; };
		37FB918F1F8DB09900E88D98 /* Details.storyboard */ = {isa = PBXFileReference; fileEncoding = 4; lastKnownFileType = file.storyboard; path = Details.storyboard; sourceTree = "<group>"; };
		37FB91911F8DB10700E88D98 /* Explorer.storyboard */ = {isa = PBXFileReference; fileEncoding = 4; lastKnownFileType = file.storyboard; path = Explorer.storyboard; sourceTree = "<group>"; };
		37FB91931F8DB12F00E88D98 /* Adventurer.storyboard */ = {isa = PBXFileReference; fileEncoding = 4; lastKnownFileType = file.storyboard; path = Adventurer.storyboard; sourceTree = "<group>"; };
		37FB91951F8DB15400E88D98 /* Settings.storyboard */ = {isa = PBXFileReference; fileEncoding = 4; lastKnownFileType = file.storyboard; path = Settings.storyboard; sourceTree = "<group>"; };
		37FB91971F8DB18E00E88D98 /* Creator.storyboard */ = {isa = PBXFileReference; fileEncoding = 4; lastKnownFileType = file.storyboard; path = Creator.storyboard; sourceTree = "<group>"; };
		58E0EA78625CDF64E660F67D /* Pods-AnimalKingdom.release.xcconfig */ = {isa = PBXFileReference; includeInIndex = 1; lastKnownFileType = text.xcconfig; name = "Pods-AnimalKingdom.release.xcconfig"; path = "Pods/Target Support Files/Pods-AnimalKingdom/Pods-AnimalKingdom.release.xcconfig"; sourceTree = "<group>"; };
		760C5E611F94400600E64444 /* LocalCollection.swift */ = {isa = PBXFileReference; lastKnownFileType = sourcecode.swift; path = LocalCollection.swift; sourceTree = "<group>"; };
		760C5E631F94404100E64444 /* User.swift */ = {isa = PBXFileReference; lastKnownFileType = sourcecode.swift; path = User.swift; sourceTree = "<group>"; };
		760C5E651F94405400E64444 /* Post.swift */ = {isa = PBXFileReference; lastKnownFileType = sourcecode.swift; path = Post.swift; sourceTree = "<group>"; };
		766CF2E61F93CCF5000821BB /* GoogleService-Info.plist */ = {isa = PBXFileReference; lastKnownFileType = text.plist.xml; path = "GoogleService-Info.plist"; sourceTree = "<group>"; };
		767ADA661F9D77BF00CD12B5 /* CreatePostViewController.swift */ = {isa = PBXFileReference; lastKnownFileType = sourcecode.swift; path = CreatePostViewController.swift; sourceTree = "<group>"; };
		7685193A1FA5922200626DF3 /* CreatorSettingsViewController.swift */ = {isa = PBXFileReference; lastKnownFileType = sourcecode.swift; path = CreatorSettingsViewController.swift; sourceTree = "<group>"; };
		768BA3B81F9D30320008977E /* PostDetailsViewController.swift */ = {isa = PBXFileReference; lastKnownFileType = sourcecode.swift; name = PostDetailsViewController.swift; path = "AnimalKingdom/View Controllers/Creator/PostDetailsViewController.swift"; sourceTree = SOURCE_ROOT; };
		769956801F9C86C7008DCEF0 /* ProfileViewController.swift */ = {isa = PBXFileReference; lastKnownFileType = sourcecode.swift; path = ProfileViewController.swift; sourceTree = "<group>"; };
		769956821F9C8829008DCEF0 /* ProfileCollectionViewCell.swift */ = {isa = PBXFileReference; lastKnownFileType = sourcecode.swift; path = ProfileCollectionViewCell.swift; sourceTree = "<group>"; };
		7699DFB31F99D4A30017DAD6 /* PhotosFeedViewController.swift */ = {isa = PBXFileReference; lastKnownFileType = sourcecode.swift; path = PhotosFeedViewController.swift; sourceTree = "<group>"; };
		7699DFB71F9B079A0017DAD6 /* PhotoFeedCell.swift */ = {isa = PBXFileReference; lastKnownFileType = sourcecode.swift; path = PhotoFeedCell.swift; sourceTree = "<group>"; };
		76A8963A1F9C6F9A001A8192 /* TabViewController.swift */ = {isa = PBXFileReference; lastKnownFileType = sourcecode.swift; path = TabViewController.swift; sourceTree = "<group>"; };
		8915A505B759EEF71284BC5F /* Pods-AnimalKingdom.debug.xcconfig */ = {isa = PBXFileReference; includeInIndex = 1; lastKnownFileType = text.xcconfig; name = "Pods-AnimalKingdom.debug.xcconfig"; path = "Pods/Target Support Files/Pods-AnimalKingdom/Pods-AnimalKingdom.debug.xcconfig"; sourceTree = "<group>"; };
/* End PBXFileReference section */

/* Begin PBXFrameworksBuildPhase section */
		37A033B81F8C868600C4AA86 /* Frameworks */ = {
			isa = PBXFrameworksBuildPhase;
			buildActionMask = 2147483647;
			files = (
				BD924C3F4C854ECB228ECFDA /* Pods_AnimalKingdom.framework in Frameworks */,
			);
			runOnlyForDeploymentPostprocessing = 0;
		};
/* End PBXFrameworksBuildPhase section */

/* Begin PBXGroup section */
		12335E521FB278A60049D846 /* Focus Square */ = {
			isa = PBXGroup;
			children = (
				12335E531FB278B10049D846 /* FocusSquare.swift */,
				12335E541FB278B20049D846 /* FocusSquareSegment.swift */,
			);
			name = "Focus Square";
			path = "New Group";
			sourceTree = "<group>";
		};
		12335E571FB279A00049D846 /* AR */ = {
			isa = PBXGroup;
			children = (
				370B99B01F8C960F00BFFEA6 /* ARViewController.swift */,
				12335E5D1FB2BC4A0049D846 /* ARViewController+ARSCNViewDelegate.swift */,
				12335E5F1FB2BEF50049D846 /* VirtualObjectARView.swift */,
				12335E5B1FB27A620049D846 /* StatusViewController.swift */,
			);
			path = AR;
			sourceTree = "<group>";
		};
		12335E581FB279B60049D846 /* Creator */ = {
			isa = PBXGroup;
			children = (
				370B99AA1F8C95B600BFFEA6 /* CreatorViewController.swift */,
				7699DFB31F99D4A30017DAD6 /* PhotosFeedViewController.swift */,
				768BA3B81F9D30320008977E /* PostDetailsViewController.swift */,
				769956801F9C86C7008DCEF0 /* ProfileViewController.swift */,
				37029F351F920CE400F55A30 /* LoginViewController.swift */,
				37029F371F920CFB00F55A30 /* LogoutViewController.swift */,
				76A8963A1F9C6F9A001A8192 /* TabViewController.swift */,
				767ADA661F9D77BF00CD12B5 /* CreatePostViewController.swift */,
				7685193A1FA5922200626DF3 /* CreatorSettingsViewController.swift */,
			);
			path = Creator;
			sourceTree = "<group>";
		};
		12335E591FB279D60049D846 /* Explorer */ = {
			isa = PBXGroup;
			children = (
				370B99A21F8C920200BFFEA6 /* BundleExplorerViewController.swift */,
				370B99A41F8C921000BFFEA6 /* AnimalExplorerViewController.swift */,
				370B99AE1F8C960100BFFEA6 /* VideoViewController.swift */,
				379B2C8A1F997BC200060D3B /* DetailsTableViewController.swift */,
				37AF63E91FA828C000A2FF7C /* DemoDetailsViewController.swift */,
			);
			path = Explorer;
			sourceTree = "<group>";
		};
		12335E5A1FB279EC0049D846 /* Adventurer */ = {
			isa = PBXGroup;
			children = (
				370B99A61F8C927800BFFEA6 /* AdventurerViewController.swift */,
			);
			path = Adventurer;
			sourceTree = "<group>";
		};
		12B60E351FA17E44003423F5 /* Recovered References */ = {
			isa = PBXGroup;
			children = (
				12B60E361FA18319003423F5 /* african-elephant-main.jpg */,
			);
			name = "Recovered References";
			sourceTree = "<group>";
		};
		37029F3B1F92116200F55A30 /* Data */ = {
			isa = PBXGroup;
			children = (
				37029F3C1F92120300F55A30 /* Datasource.swift */,
			);
			path = Data;
			sourceTree = "<group>";
		};
		370B999B1F8C909400BFFEA6 /* Models */ = {
			isa = PBXGroup;
			children = (
				3735419B1F91C0E300BEE34F /* AnimalBundle.swift */,
				37460A9D1F91AB6A0098171A /* Animal.swift */,
				3735419D1F91C38100BEE34F /* Settings.swift */,
				760C5E611F94400600E64444 /* LocalCollection.swift */,
				760C5E631F94404100E64444 /* User.swift */,
				760C5E651F94405400E64444 /* Post.swift */,
				12B26CD21F99C35B00B3D73D /* ARPlane.swift */,
				37E0008D1FB1BAB200C3AA05 /* SettingsManager.swift */,
				12335E521FB278A60049D846 /* Focus Square */,
			);
			path = Models;
			sourceTree = "<group>";
		};
		370B999C1F8C90A100BFFEA6 /* Views */ = {
			isa = PBXGroup;
			children = (
				37029F3E1F92B37A00F55A30 /* BundleTableViewCell.swift */,
				7699DFB71F9B079A0017DAD6 /* PhotoFeedCell.swift */,
				769956821F9C8829008DCEF0 /* ProfileCollectionViewCell.swift */,
				37029F401F92CE6300F55A30 /* AnimalTableViewCell.swift */,
				379B2C8C1F997C3000060D3B /* DetailsHeaderImageTableViewCell.swift */,
				379B2C8D1F997C3000060D3B /* DetailsHeaderImageTableViewCell.xib */,
				379B2C901F9982E000060D3B /* DetailsTitleTableViewCell.swift */,
				379B2C911F9982E000060D3B /* DetailsTitleTableViewCell.xib */,
				379B2C961F9985B400060D3B /* DetailsActionsPanelTableViewCell.swift */,
				379B2C971F9985B400060D3B /* DetailsActionsPanelTableViewCell.xib */,
				3766114D1E187F23009DC840 /* DetailsCardTableViewCell.swift */,
				3766114E1E187F23009DC840 /* DetailsCardTableViewCell.xib */,
				376611511E188620009DC840 /* DetailsAboutTableViewCell.swift */,
				376611521E188620009DC840 /* DetailsAboutTableViewCell.xib */,
				377538891FA6926A004BADB5 /* DesignBundleView.swift */,
			);
			path = Views;
			sourceTree = "<group>";
		};
		370B999D1F8C90AE00BFFEA6 /* Storyboards */ = {
			isa = PBXGroup;
			children = (
				37A033C71F8C868600C4AA86 /* LaunchScreen.storyboard */,
				37A033C21F8C868600C4AA86 /* Main.storyboard */,
				37FB91911F8DB10700E88D98 /* Explorer.storyboard */,
				37FB91931F8DB12F00E88D98 /* Adventurer.storyboard */,
				37FB918F1F8DB09900E88D98 /* Details.storyboard */,
				37FB918B1F8DB01600E88D98 /* Video.storyboard */,
				37FB918D1F8DB06900E88D98 /* AR.storyboard */,
				37FB91971F8DB18E00E88D98 /* Creator.storyboard */,
				37FB91951F8DB15400E88D98 /* Settings.storyboard */,
				37029F331F920C3800F55A30 /* Login.storyboard */,
				37029F391F920D9200F55A30 /* Logout.storyboard */,
				379BDAE51FA7FD69007E96C4 /* DemoDetails.storyboard */,
				375DF5C91FB3B77F001AEB2A /* DemoDetails_KM.storyboard */,
			);
			path = Storyboards;
			sourceTree = "<group>";
		};
		370B999E1F8C90BA00BFFEA6 /* View Controllers */ = {
			isa = PBXGroup;
			children = (
				12335E5A1FB279EC0049D846 /* Adventurer */,
				12335E571FB279A00049D846 /* AR */,
				12335E581FB279B60049D846 /* Creator */,
				12335E591FB279D60049D846 /* Explorer */,
				370B99A01F8C912100BFFEA6 /* HomeViewController.swift */,
				370B99A81F8C958400BFFEA6 /* SettingsViewController.swift */,
				370B99AA1F8C95B600BFFEA6 /* CreatorViewController.swift */,
				370B99AE1F8C960100BFFEA6 /* VideoViewController.swift */,
				370B99B01F8C960F00BFFEA6 /* ARViewController.swift */,
				37029F351F920CE400F55A30 /* LoginViewController.swift */,
				37029F371F920CFB00F55A30 /* LogoutViewController.swift */,
				76A8963A1F9C6F9A001A8192 /* TabViewController.swift */,
				767ADA661F9D77BF00CD12B5 /* CreatePostViewController.swift */,
				7685193A1FA5922200626DF3 /* CreatorSettingsViewController.swift */,
				379B2C8A1F997BC200060D3B /* DetailsTableViewController.swift */,
				37AF63E91FA828C000A2FF7C /* DemoDetailsViewController.swift */,
				37605B0E1FB37C35001F8009 /* DemoDetailsViewController_KM.swift */,
			);
			path = "View Controllers";
			sourceTree = "<group>";
		};
		370B999F1F8C90DA00BFFEA6 /* Other */ = {
			isa = PBXGroup;
			children = (
				126DD8FD1F9C8C3500E74C89 /* Utilities.swift */,
				37A033BE1F8C868600C4AA86 /* AppDelegate.swift */,
			);
			path = Other;
			sourceTree = "<group>";
		};
		37233DFB1FB2B9DB005A79DF /* Music */ = {
			isa = PBXGroup;
			children = (
				37233E021FB2DC3F005A79DF /* music_marimba.wav */,
				37233E001FB2CC8F005A79DF /* digi_plink.wav */,
				37233DFE1FB2CB20005A79DF /* pop_drip.wav */,
				37233DFC1FB2B9F8005A79DF /* themeSong.mp3 */,
			);
			path = Music;
			sourceTree = "<group>";
		};
		37A033B21F8C868600C4AA86 = {
			isa = PBXGroup;
			children = (
				378BCB281FA6F955003E800F /* Assets.xcassets */,
				37A033BD1F8C868600C4AA86 /* AnimalKingdom */,
				37A033BC1F8C868600C4AA86 /* Products */,
				C05F1D2CE444D62C6A2E7846 /* Pods */,
				45308ECCC4700DE886ABDB67 /* Frameworks */,
				12B60E351FA17E44003423F5 /* Recovered References */,
			);
			sourceTree = "<group>";
		};
		37A033BC1F8C868600C4AA86 /* Products */ = {
			isa = PBXGroup;
			children = (
				37A033BB1F8C868600C4AA86 /* AnimalKingdom.app */,
			);
			name = Products;
			sourceTree = "<group>";
		};
		37A033BD1F8C868600C4AA86 /* AnimalKingdom */ = {
			isa = PBXGroup;
			children = (
				37233DFB1FB2B9DB005A79DF /* Music */,
				12C2E3FB1FA91FCB00DD1762 /* tron_gridGreen2.png */,
				12C2E3F91FA91DBD00DD1762 /* tron_gridGreen.png */,
				37029F3B1F92116200F55A30 /* Data */,
				370B999B1F8C909400BFFEA6 /* Models */,
				370B999E1F8C90BA00BFFEA6 /* View Controllers */,
				370B999C1F8C90A100BFFEA6 /* Views */,
				370B999D1F8C90AE00BFFEA6 /* Storyboards */,
				370B999F1F8C90DA00BFFEA6 /* Other */,
				12B26CD01F9723AA00B3D73D /* art.scnassets */,
				766CF2E61F93CCF5000821BB /* GoogleService-Info.plist */,
				37A033CA1F8C868600C4AA86 /* Info.plist */,
				372087B11F9C19D6000D1DA2 /* tron_grid.png */,
			);
			path = AnimalKingdom;
			sourceTree = "<group>";
		};
		45308ECCC4700DE886ABDB67 /* Frameworks */ = {
			isa = PBXGroup;
			children = (
				2B53B6107745491A3CF219BA /* Pods_AnimalKingdom.framework */,
			);
			name = Frameworks;
			sourceTree = "<group>";
		};
		C05F1D2CE444D62C6A2E7846 /* Pods */ = {
			isa = PBXGroup;
			children = (
				8915A505B759EEF71284BC5F /* Pods-AnimalKingdom.debug.xcconfig */,
				58E0EA78625CDF64E660F67D /* Pods-AnimalKingdom.release.xcconfig */,
			);
			name = Pods;
			sourceTree = "<group>";
		};
/* End PBXGroup section */

/* Begin PBXNativeTarget section */
		37A033BA1F8C868600C4AA86 /* AnimalKingdom */ = {
			isa = PBXNativeTarget;
			buildConfigurationList = 37A033CD1F8C868600C4AA86 /* Build configuration list for PBXNativeTarget "AnimalKingdom" */;
			buildPhases = (
				1495B968246F601728E2D9E1 /* [CP] Check Pods Manifest.lock */,
				37A033B71F8C868600C4AA86 /* Sources */,
				37A033B81F8C868600C4AA86 /* Frameworks */,
				37A033B91F8C868600C4AA86 /* Resources */,
				3FD484265B82796A99C8085B /* [CP] Embed Pods Frameworks */,
				3A5C7B87C651600C178D4139 /* [CP] Copy Pods Resources */,
			);
			buildRules = (
			);
			dependencies = (
			);
			name = AnimalKingdom;
			productName = AnimalKingdom;
			productReference = 37A033BB1F8C868600C4AA86 /* AnimalKingdom.app */;
			productType = "com.apple.product-type.application";
		};
/* End PBXNativeTarget section */

/* Begin PBXProject section */
		37A033B31F8C868600C4AA86 /* Project object */ = {
			isa = PBXProject;
			attributes = {
				LastSwiftUpdateCheck = 0900;
				LastUpgradeCheck = 0900;
				ORGANIZATIONNAME = Dan;
				TargetAttributes = {
					37A033BA1F8C868600C4AA86 = {
						CreatedOnToolsVersion = 9.0;
						ProvisioningStyle = Automatic;
					};
				};
			};
			buildConfigurationList = 37A033B61F8C868600C4AA86 /* Build configuration list for PBXProject "AnimalKingdom" */;
			compatibilityVersion = "Xcode 8.0";
			developmentRegion = en;
			hasScannedForEncodings = 0;
			knownRegions = (
				en,
				Base,
			);
			mainGroup = 37A033B21F8C868600C4AA86;
			productRefGroup = 37A033BC1F8C868600C4AA86 /* Products */;
			projectDirPath = "";
			projectRoot = "";
			targets = (
				37A033BA1F8C868600C4AA86 /* AnimalKingdom */,
			);
		};
/* End PBXProject section */

/* Begin PBXResourcesBuildPhase section */
		37A033B91F8C868600C4AA86 /* Resources */ = {
			isa = PBXResourcesBuildPhase;
			buildActionMask = 2147483647;
			files = (
				37233E031FB2DC48005A79DF /* music_marimba.wav in Resources */,
				37233E011FB2CC99005A79DF /* digi_plink.wav in Resources */,
				37233DFF1FB2CB34005A79DF /* pop_drip.wav in Resources */,
				37233DFD1FB2BD2D005A79DF /* themeSong.mp3 in Resources */,
				12C2E3FA1FA91DBE00DD1762 /* tron_gridGreen.png in Resources */,
				766CF2E71F93CD7E000821BB /* GoogleService-Info.plist in Resources */,
				37FB918E1F8DB06900E88D98 /* AR.storyboard in Resources */,
				12B60E371FA18319003423F5 /* african-elephant-main.jpg in Resources */,
				379B2C8F1F997C3000060D3B /* DetailsHeaderImageTableViewCell.xib in Resources */,
				378BCB291FA6F955003E800F /* Assets.xcassets in Resources */,
				37FB91901F8DB09900E88D98 /* Details.storyboard in Resources */,
				12B26CD11F9723AA00B3D73D /* art.scnassets in Resources */,
				37029F3A1F920D9200F55A30 /* Logout.storyboard in Resources */,
				12C2E3FC1FA91FCB00DD1762 /* tron_gridGreen2.png in Resources */,
				37A033C91F8C868600C4AA86 /* LaunchScreen.storyboard in Resources */,
				37FB91941F8DB12F00E88D98 /* Adventurer.storyboard in Resources */,
				376611501E187F23009DC840 /* DetailsCardTableViewCell.xib in Resources */,
				379B2C931F9982E000060D3B /* DetailsTitleTableViewCell.xib in Resources */,
				37FB91921F8DB10700E88D98 /* Explorer.storyboard in Resources */,
				37FB91961F8DB15400E88D98 /* Settings.storyboard in Resources */,
				376611541E188620009DC840 /* DetailsAboutTableViewCell.xib in Resources */,
				375DF5CA1FB3B77F001AEB2A /* DemoDetails_KM.storyboard in Resources */,
				37FB91981F8DB18E00E88D98 /* Creator.storyboard in Resources */,
				379B2C991F9985B400060D3B /* DetailsActionsPanelTableViewCell.xib in Resources */,
				372087B21F9C19D6000D1DA2 /* tron_grid.png in Resources */,
				37FB918C1F8DB01600E88D98 /* Video.storyboard in Resources */,
				37A033C41F8C868600C4AA86 /* Main.storyboard in Resources */,
				379BDAE61FA7FD69007E96C4 /* DemoDetails.storyboard in Resources */,
				37029F341F920C3800F55A30 /* Login.storyboard in Resources */,
			);
			runOnlyForDeploymentPostprocessing = 0;
		};
/* End PBXResourcesBuildPhase section */

/* Begin PBXShellScriptBuildPhase section */
		1495B968246F601728E2D9E1 /* [CP] Check Pods Manifest.lock */ = {
			isa = PBXShellScriptBuildPhase;
			buildActionMask = 2147483647;
			files = (
			);
			inputPaths = (
				"${PODS_PODFILE_DIR_PATH}/Podfile.lock",
				"${PODS_ROOT}/Manifest.lock",
			);
			name = "[CP] Check Pods Manifest.lock";
			outputPaths = (
				"$(DERIVED_FILE_DIR)/Pods-AnimalKingdom-checkManifestLockResult.txt",
			);
			runOnlyForDeploymentPostprocessing = 0;
			shellPath = /bin/sh;
			shellScript = "diff \"${PODS_PODFILE_DIR_PATH}/Podfile.lock\" \"${PODS_ROOT}/Manifest.lock\" > /dev/null\nif [ $? != 0 ] ; then\n    # print error to STDERR\n    echo \"error: The sandbox is not in sync with the Podfile.lock. Run 'pod install' or update your CocoaPods installation.\" >&2\n    exit 1\nfi\n# This output is used by Xcode 'outputs' to avoid re-running this script phase.\necho \"SUCCESS\" > \"${SCRIPT_OUTPUT_FILE_0}\"\n";
			showEnvVarsInLog = 0;
		};
		3A5C7B87C651600C178D4139 /* [CP] Copy Pods Resources */ = {
			isa = PBXShellScriptBuildPhase;
			buildActionMask = 2147483647;
			files = (
			);
			inputPaths = (
			);
			name = "[CP] Copy Pods Resources";
			outputPaths = (
			);
			runOnlyForDeploymentPostprocessing = 0;
			shellPath = /bin/sh;
			shellScript = "\"${SRCROOT}/Pods/Target Support Files/Pods-AnimalKingdom/Pods-AnimalKingdom-resources.sh\"\n";
			showEnvVarsInLog = 0;
		};
		3FD484265B82796A99C8085B /* [CP] Embed Pods Frameworks */ = {
			isa = PBXShellScriptBuildPhase;
			buildActionMask = 2147483647;
			files = (
			);
			inputPaths = (
				"${SRCROOT}/Pods/Target Support Files/Pods-AnimalKingdom/Pods-AnimalKingdom-frameworks.sh",
				"${BUILT_PRODUCTS_DIR}/AFNetworking/AFNetworking.framework",
				"${BUILT_PRODUCTS_DIR}/Bolts/Bolts.framework",
				"${BUILT_PRODUCTS_DIR}/BoringSSL/openssl.framework",
				"${BUILT_PRODUCTS_DIR}/Canvas/Canvas.framework",
				"${BUILT_PRODUCTS_DIR}/FBSDKCoreKit/FBSDKCoreKit.framework",
				"${BUILT_PRODUCTS_DIR}/FBSDKLoginKit/FBSDKLoginKit.framework",
				"${BUILT_PRODUCTS_DIR}/FBSDKShareKit/FBSDKShareKit.framework",
				"${BUILT_PRODUCTS_DIR}/GTMSessionFetcher/GTMSessionFetcher.framework",
				"${BUILT_PRODUCTS_DIR}/GoogleToolboxForMac/GoogleToolboxForMac.framework",
				"${BUILT_PRODUCTS_DIR}/MBProgressHUD/MBProgressHUD.framework",
				"${BUILT_PRODUCTS_DIR}/Protobuf/Protobuf.framework",
				"${BUILT_PRODUCTS_DIR}/gRPC/GRPCClient.framework",
				"${BUILT_PRODUCTS_DIR}/gRPC-Core/grpc.framework",
				"${BUILT_PRODUCTS_DIR}/gRPC-ProtoRPC/ProtoRPC.framework",
				"${BUILT_PRODUCTS_DIR}/gRPC-RxLibrary/RxLibrary.framework",
				"${BUILT_PRODUCTS_DIR}/leveldb-library/leveldb.framework",
				"${BUILT_PRODUCTS_DIR}/nanopb/nanopb.framework",
			);
			name = "[CP] Embed Pods Frameworks";
			outputPaths = (
				"${TARGET_BUILD_DIR}/${FRAMEWORKS_FOLDER_PATH}/AFNetworking.framework",
				"${TARGET_BUILD_DIR}/${FRAMEWORKS_FOLDER_PATH}/Bolts.framework",
				"${TARGET_BUILD_DIR}/${FRAMEWORKS_FOLDER_PATH}/openssl.framework",
				"${TARGET_BUILD_DIR}/${FRAMEWORKS_FOLDER_PATH}/Canvas.framework",
				"${TARGET_BUILD_DIR}/${FRAMEWORKS_FOLDER_PATH}/FBSDKCoreKit.framework",
				"${TARGET_BUILD_DIR}/${FRAMEWORKS_FOLDER_PATH}/FBSDKLoginKit.framework",
				"${TARGET_BUILD_DIR}/${FRAMEWORKS_FOLDER_PATH}/FBSDKShareKit.framework",
				"${TARGET_BUILD_DIR}/${FRAMEWORKS_FOLDER_PATH}/GTMSessionFetcher.framework",
				"${TARGET_BUILD_DIR}/${FRAMEWORKS_FOLDER_PATH}/GoogleToolboxForMac.framework",
				"${TARGET_BUILD_DIR}/${FRAMEWORKS_FOLDER_PATH}/MBProgressHUD.framework",
				"${TARGET_BUILD_DIR}/${FRAMEWORKS_FOLDER_PATH}/Protobuf.framework",
				"${TARGET_BUILD_DIR}/${FRAMEWORKS_FOLDER_PATH}/GRPCClient.framework",
				"${TARGET_BUILD_DIR}/${FRAMEWORKS_FOLDER_PATH}/grpc.framework",
				"${TARGET_BUILD_DIR}/${FRAMEWORKS_FOLDER_PATH}/ProtoRPC.framework",
				"${TARGET_BUILD_DIR}/${FRAMEWORKS_FOLDER_PATH}/RxLibrary.framework",
				"${TARGET_BUILD_DIR}/${FRAMEWORKS_FOLDER_PATH}/leveldb.framework",
				"${TARGET_BUILD_DIR}/${FRAMEWORKS_FOLDER_PATH}/nanopb.framework",
			);
			runOnlyForDeploymentPostprocessing = 0;
			shellPath = /bin/sh;
			shellScript = "\"${SRCROOT}/Pods/Target Support Files/Pods-AnimalKingdom/Pods-AnimalKingdom-frameworks.sh\"\n";
			showEnvVarsInLog = 0;
		};
/* End PBXShellScriptBuildPhase section */

/* Begin PBXSourcesBuildPhase section */
		37A033B71F8C868600C4AA86 /* Sources */ = {
			isa = PBXSourcesBuildPhase;
			buildActionMask = 2147483647;
			files = (
				3766114F1E187F23009DC840 /* DetailsCardTableViewCell.swift in Sources */,
				37029F361F920CE400F55A30 /* LoginViewController.swift in Sources */,
				126DD8FE1F9C8C3500E74C89 /* Utilities.swift in Sources */,
				760C5E661F94405400E64444 /* Post.swift in Sources */,
				37AF63EA1FA828C000A2FF7C /* DemoDetailsViewController.swift in Sources */,
				37029F3F1F92B37A00F55A30 /* BundleTableViewCell.swift in Sources */,
				376611531E188620009DC840 /* DetailsAboutTableViewCell.swift in Sources */,
				37460A9E1F91AB6A0098171A /* Animal.swift in Sources */,
				767ADA671F9D77BF00CD12B5 /* CreatePostViewController.swift in Sources */,
				760C5E621F94400600E64444 /* LocalCollection.swift in Sources */,
				12335E601FB2BEF50049D846 /* VirtualObjectARView.swift in Sources */,
				3775388A1FA6926A004BADB5 /* DesignBundleView.swift in Sources */,
				12335E5E1FB2BC4A0049D846 /* ARViewController+ARSCNViewDelegate.swift in Sources */,
				3735419E1F91C38100BEE34F /* Settings.swift in Sources */,
				3735419C1F91C0E300BEE34F /* AnimalBundle.swift in Sources */,
				379B2C921F9982E000060D3B /* DetailsTitleTableViewCell.swift in Sources */,
				37E0008E1FB1BAB200C3AA05 /* SettingsManager.swift in Sources */,
				37A033BF1F8C868600C4AA86 /* AppDelegate.swift in Sources */,
				12335E561FB278B20049D846 /* FocusSquareSegment.swift in Sources */,
				37029F3D1F92120300F55A30 /* Datasource.swift in Sources */,
				769956811F9C86C7008DCEF0 /* ProfileViewController.swift in Sources */,
				379B2C8E1F997C3000060D3B /* DetailsHeaderImageTableViewCell.swift in Sources */,
				379B2C981F9985B400060D3B /* DetailsActionsPanelTableViewCell.swift in Sources */,
				370B99AF1F8C960100BFFEA6 /* VideoViewController.swift in Sources */,
				370B99A11F8C912100BFFEA6 /* HomeViewController.swift in Sources */,
				7699DFB81F9B079A0017DAD6 /* PhotoFeedCell.swift in Sources */,
				769956831F9C8829008DCEF0 /* ProfileCollectionViewCell.swift in Sources */,
				370B99A71F8C927800BFFEA6 /* AdventurerViewController.swift in Sources */,
				76A8963B1F9C6F9A001A8192 /* TabViewController.swift in Sources */,
				768BA3B91F9D30320008977E /* PostDetailsViewController.swift in Sources */,
				370B99A31F8C920200BFFEA6 /* BundleExplorerViewController.swift in Sources */,
				37605B0F1FB37C35001F8009 /* DemoDetailsViewController_KM.swift in Sources */,
				370B99A51F8C921000BFFEA6 /* AnimalExplorerViewController.swift in Sources */,
				370B99AB1F8C95B600BFFEA6 /* CreatorViewController.swift in Sources */,
				7699DFB41F99D4A30017DAD6 /* PhotosFeedViewController.swift in Sources */,
				370B99A91F8C958400BFFEA6 /* SettingsViewController.swift in Sources */,
				37029F411F92CE6300F55A30 /* AnimalTableViewCell.swift in Sources */,
				37029F381F920CFB00F55A30 /* LogoutViewController.swift in Sources */,
				370B99B11F8C960F00BFFEA6 /* ARViewController.swift in Sources */,
				12335E551FB278B20049D846 /* FocusSquare.swift in Sources */,
				12B26CD31F99C35B00B3D73D /* ARPlane.swift in Sources */,
				379B2C8B1F997BC200060D3B /* DetailsTableViewController.swift in Sources */,
				7685193B1FA5922200626DF3 /* CreatorSettingsViewController.swift in Sources */,
				12335E5C1FB27A630049D846 /* StatusViewController.swift in Sources */,
				760C5E641F94404100E64444 /* User.swift in Sources */,
			);
			runOnlyForDeploymentPostprocessing = 0;
		};
/* End PBXSourcesBuildPhase section */

/* Begin PBXVariantGroup section */
		37A033C21F8C868600C4AA86 /* Main.storyboard */ = {
			isa = PBXVariantGroup;
			children = (
				37A033C31F8C868600C4AA86 /* Base */,
			);
			name = Main.storyboard;
			sourceTree = "<group>";
		};
		37A033C71F8C868600C4AA86 /* LaunchScreen.storyboard */ = {
			isa = PBXVariantGroup;
			children = (
				37A033C81F8C868600C4AA86 /* Base */,
			);
			name = LaunchScreen.storyboard;
			sourceTree = "<group>";
		};
/* End PBXVariantGroup section */

/* Begin XCBuildConfiguration section */
		37A033CB1F8C868600C4AA86 /* Debug */ = {
			isa = XCBuildConfiguration;
			buildSettings = {
				ALWAYS_SEARCH_USER_PATHS = NO;
				CLANG_ANALYZER_NONNULL = YES;
				CLANG_ANALYZER_NUMBER_OBJECT_CONVERSION = YES_AGGRESSIVE;
				CLANG_CXX_LANGUAGE_STANDARD = "gnu++14";
				CLANG_CXX_LIBRARY = "libc++";
				CLANG_ENABLE_MODULES = YES;
				CLANG_ENABLE_OBJC_ARC = YES;
				CLANG_WARN_BLOCK_CAPTURE_AUTORELEASING = YES;
				CLANG_WARN_BOOL_CONVERSION = YES;
				CLANG_WARN_COMMA = YES;
				CLANG_WARN_CONSTANT_CONVERSION = YES;
				CLANG_WARN_DIRECT_OBJC_ISA_USAGE = YES_ERROR;
				CLANG_WARN_DOCUMENTATION_COMMENTS = YES;
				CLANG_WARN_EMPTY_BODY = YES;
				CLANG_WARN_ENUM_CONVERSION = YES;
				CLANG_WARN_INFINITE_RECURSION = YES;
				CLANG_WARN_INT_CONVERSION = YES;
				CLANG_WARN_NON_LITERAL_NULL_CONVERSION = YES;
				CLANG_WARN_OBJC_LITERAL_CONVERSION = YES;
				CLANG_WARN_OBJC_ROOT_CLASS = YES_ERROR;
				CLANG_WARN_RANGE_LOOP_ANALYSIS = YES;
				CLANG_WARN_STRICT_PROTOTYPES = YES;
				CLANG_WARN_SUSPICIOUS_MOVE = YES;
				CLANG_WARN_UNGUARDED_AVAILABILITY = YES_AGGRESSIVE;
				CLANG_WARN_UNREACHABLE_CODE = YES;
				CLANG_WARN__DUPLICATE_METHOD_MATCH = YES;
				CODE_SIGN_IDENTITY = "iPhone Developer";
				COPY_PHASE_STRIP = NO;
				DEBUG_INFORMATION_FORMAT = dwarf;
				ENABLE_STRICT_OBJC_MSGSEND = YES;
				ENABLE_TESTABILITY = YES;
				GCC_C_LANGUAGE_STANDARD = gnu11;
				GCC_DYNAMIC_NO_PIC = NO;
				GCC_NO_COMMON_BLOCKS = YES;
				GCC_OPTIMIZATION_LEVEL = 0;
				GCC_PREPROCESSOR_DEFINITIONS = (
					"DEBUG=1",
					"$(inherited)",
				);
				GCC_WARN_64_TO_32_BIT_CONVERSION = YES;
				GCC_WARN_ABOUT_RETURN_TYPE = YES_ERROR;
				GCC_WARN_UNDECLARED_SELECTOR = YES;
				GCC_WARN_UNINITIALIZED_AUTOS = YES_AGGRESSIVE;
				GCC_WARN_UNUSED_FUNCTION = YES;
				GCC_WARN_UNUSED_VARIABLE = YES;
				IPHONEOS_DEPLOYMENT_TARGET = 11.0;
				MTL_ENABLE_DEBUG_INFO = YES;
				ONLY_ACTIVE_ARCH = YES;
				SDKROOT = iphoneos;
				SWIFT_ACTIVE_COMPILATION_CONDITIONS = DEBUG;
				SWIFT_OPTIMIZATION_LEVEL = "-Onone";
			};
			name = Debug;
		};
		37A033CC1F8C868600C4AA86 /* Release */ = {
			isa = XCBuildConfiguration;
			buildSettings = {
				ALWAYS_SEARCH_USER_PATHS = NO;
				CLANG_ANALYZER_NONNULL = YES;
				CLANG_ANALYZER_NUMBER_OBJECT_CONVERSION = YES_AGGRESSIVE;
				CLANG_CXX_LANGUAGE_STANDARD = "gnu++14";
				CLANG_CXX_LIBRARY = "libc++";
				CLANG_ENABLE_MODULES = YES;
				CLANG_ENABLE_OBJC_ARC = YES;
				CLANG_WARN_BLOCK_CAPTURE_AUTORELEASING = YES;
				CLANG_WARN_BOOL_CONVERSION = YES;
				CLANG_WARN_COMMA = YES;
				CLANG_WARN_CONSTANT_CONVERSION = YES;
				CLANG_WARN_DIRECT_OBJC_ISA_USAGE = YES_ERROR;
				CLANG_WARN_DOCUMENTATION_COMMENTS = YES;
				CLANG_WARN_EMPTY_BODY = YES;
				CLANG_WARN_ENUM_CONVERSION = YES;
				CLANG_WARN_INFINITE_RECURSION = YES;
				CLANG_WARN_INT_CONVERSION = YES;
				CLANG_WARN_NON_LITERAL_NULL_CONVERSION = YES;
				CLANG_WARN_OBJC_LITERAL_CONVERSION = YES;
				CLANG_WARN_OBJC_ROOT_CLASS = YES_ERROR;
				CLANG_WARN_RANGE_LOOP_ANALYSIS = YES;
				CLANG_WARN_STRICT_PROTOTYPES = YES;
				CLANG_WARN_SUSPICIOUS_MOVE = YES;
				CLANG_WARN_UNGUARDED_AVAILABILITY = YES_AGGRESSIVE;
				CLANG_WARN_UNREACHABLE_CODE = YES;
				CLANG_WARN__DUPLICATE_METHOD_MATCH = YES;
				CODE_SIGN_IDENTITY = "iPhone Developer";
				COPY_PHASE_STRIP = NO;
				DEBUG_INFORMATION_FORMAT = "dwarf-with-dsym";
				ENABLE_NS_ASSERTIONS = NO;
				ENABLE_STRICT_OBJC_MSGSEND = YES;
				GCC_C_LANGUAGE_STANDARD = gnu11;
				GCC_NO_COMMON_BLOCKS = YES;
				GCC_WARN_64_TO_32_BIT_CONVERSION = YES;
				GCC_WARN_ABOUT_RETURN_TYPE = YES_ERROR;
				GCC_WARN_UNDECLARED_SELECTOR = YES;
				GCC_WARN_UNINITIALIZED_AUTOS = YES_AGGRESSIVE;
				GCC_WARN_UNUSED_FUNCTION = YES;
				GCC_WARN_UNUSED_VARIABLE = YES;
				IPHONEOS_DEPLOYMENT_TARGET = 11.0;
				MTL_ENABLE_DEBUG_INFO = NO;
				SDKROOT = iphoneos;
				SWIFT_OPTIMIZATION_LEVEL = "-Owholemodule";
				VALIDATE_PRODUCT = YES;
			};
			name = Release;
		};
		37A033CE1F8C868600C4AA86 /* Debug */ = {
			isa = XCBuildConfiguration;
			baseConfigurationReference = 8915A505B759EEF71284BC5F /* Pods-AnimalKingdom.debug.xcconfig */;
			buildSettings = {
				ASSETCATALOG_COMPILER_APPICON_NAME = AppIcon;
				CODE_SIGN_STYLE = Automatic;
				DEVELOPMENT_TEAM = 8ACVWC32HP;
				INFOPLIST_FILE = AnimalKingdom/Info.plist;
				IPHONEOS_DEPLOYMENT_TARGET = 11.0;
				LD_RUNPATH_SEARCH_PATHS = "$(inherited) @executable_path/Frameworks";
				PRODUCT_BUNDLE_IDENTIFIER = com.codepath.AnimalKingdomNED;
				PRODUCT_NAME = "$(TARGET_NAME)";
				SWIFT_VERSION = 4.0;
				TARGETED_DEVICE_FAMILY = "1,2";
			};
			name = Debug;
		};
		37A033CF1F8C868600C4AA86 /* Release */ = {
			isa = XCBuildConfiguration;
			baseConfigurationReference = 58E0EA78625CDF64E660F67D /* Pods-AnimalKingdom.release.xcconfig */;
			buildSettings = {
				ASSETCATALOG_COMPILER_APPICON_NAME = AppIcon;
				CODE_SIGN_STYLE = Automatic;
				DEVELOPMENT_TEAM = 8ACVWC32HP;
				INFOPLIST_FILE = AnimalKingdom/Info.plist;
				IPHONEOS_DEPLOYMENT_TARGET = 11.0;
				LD_RUNPATH_SEARCH_PATHS = "$(inherited) @executable_path/Frameworks";
				PRODUCT_BUNDLE_IDENTIFIER = com.codepath.AnimalKingdomNED;
				PRODUCT_NAME = "$(TARGET_NAME)";
				SWIFT_VERSION = 4.0;
				TARGETED_DEVICE_FAMILY = "1,2";
			};
			name = Release;
		};
/* End XCBuildConfiguration section */

/* Begin XCConfigurationList section */
		37A033B61F8C868600C4AA86 /* Build configuration list for PBXProject "AnimalKingdom" */ = {
			isa = XCConfigurationList;
			buildConfigurations = (
				37A033CB1F8C868600C4AA86 /* Debug */,
				37A033CC1F8C868600C4AA86 /* Release */,
			);
			defaultConfigurationIsVisible = 0;
			defaultConfigurationName = Release;
		};
		37A033CD1F8C868600C4AA86 /* Build configuration list for PBXNativeTarget "AnimalKingdom" */ = {
			isa = XCConfigurationList;
			buildConfigurations = (
				37A033CE1F8C868600C4AA86 /* Debug */,
				37A033CF1F8C868600C4AA86 /* Release */,
			);
			defaultConfigurationIsVisible = 0;
			defaultConfigurationName = Release;
		};
/* End XCConfigurationList section */
	};
	rootObject = 37A033B31F8C868600C4AA86 /* Project object */;
}
